schema: '2.0'
stages:
  load_data:
    cmd: python src/load_data.py --config=params.yaml
    deps:
    - path: data_given/customerdata.csv
      md5: 703f21b4437ad8d587eb5eb7bfe688fd
      size: 971811
    - path: src/get_data.py
      md5: 530548f2bd47ef6c7c864d046a7de66d
      size: 1493
    - path: src/load_data.py
      md5: d7e1bd26902f00ada8b01826b481f32a
      size: 3378
    outs:
    - path: data/raw/customerdata.csv
      md5: f8ffec51993a3182cdd38dfea02d79db
      size: 879140
  split_data:
    cmd: python src/split_data.py --config=params.yaml
    deps:
    - path: data/raw/customerdata.csv
      md5: f8ffec51993a3182cdd38dfea02d79db
      size: 879140
    - path: src/get_data.py
      md5: 530548f2bd47ef6c7c864d046a7de66d
      size: 1493
    - path: src/split_data.py
      md5: 57757d3b32482b4cba67d6eaaab4c58f
      size: 1112
    outs:
    - path: data/processed/test_customerdata.csv
      md5: 78742c3bdb8bbfe81f0bdd305406a698
      size: 174678
    - path: data/processed/train_customerdata.csv
      md5: ea5d92e78184339e84f27861c0bd479b
      size: 699897
  train_and_evaluate:
    cmd: python src/train_evaluate.py --config=params.yaml
    deps:
    - path: data/processed/test_customerdata.csv
      md5: 78742c3bdb8bbfe81f0bdd305406a698
      size: 174678
    - path: data/processed/train_customerdata.csv
      md5: ea5d92e78184339e84f27861c0bd479b
      size: 699897
    - path: src/train_evaluate.py
      md5: 63bb483874ea959989eecb7868531f23
      size: 3665
    params:
      params.yaml:
        estimators.RandomForestClassifier.params.criterion: gini
        estimators.RandomForestClassifier.params.max_depth: 1000
        estimators.RandomForestClassifier.params.max_features: sqrt
        estimators.RandomForestClassifier.params.min_samples_leaf: 6
        estimators.RandomForestClassifier.params.min_samples_split: 12
        estimators.RandomForestClassifier.params.n_estimators: 2000
    outs:
    - path: report/params.json
      md5: ff2ec6ba50ce694a4f61151f72a65ac1
      size: 160
    - path: report/scores.json
      md5: 434b377419870ea7edc44cf510fa3359
      size: 112
    - path: saved_models/model.joblib
      md5: c24b537de86b353b589aa0c150427ee4
      size: 91638883
