schema: '2.0'
stages:
  load_data:
    cmd: python src/load_data.py --config=params.yaml
    deps:
    - path: data_given/customerdata.csv
      md5: 8cac3095fcf1fdc5d276164ba877e721
      size: 971241
    - path: src/get_data.py
      md5: a36554148037920492c42442660ad5a5
      size: 1070
    - path: src/load_data.py
      md5: a0df0c41791b954b15e966f5507c6fb4
      size: 3269
    outs:
    - path: data/raw/customerdata.csv
      md5: aff96bfbb3293f35de25bed5ba8f8fcf
      size: 925613
  split_data:
    cmd: python src/split_data.py --config=params.yaml
    deps:
    - path: data/raw/customerdata.csv
      md5: aff96bfbb3293f35de25bed5ba8f8fcf
      size: 925613
    - path: src/get_data.py
      md5: a36554148037920492c42442660ad5a5
      size: 1070
    - path: src/split_data.py
      md5: 357d7c7354392e2c9019d6734d0df6e9
      size: 1110
    outs:
    - path: data/processed/test_customerdata.csv
      md5: f0eb6d0c456d603dd27f9664efb3cc07
      size: 181287
    - path: data/processed/train_customerdata.csv
      md5: f97bd8eb48133d27d1e892797003ffa7
      size: 725677
  train_and_evaluate:
    cmd: python src/train_evaluate.py --config=params.yaml
    deps:
    - path: data/processed/test_customerdata.csv
      md5: f0eb6d0c456d603dd27f9664efb3cc07
      size: 181287
    - path: data/processed/train_customerdata.csv
      md5: f97bd8eb48133d27d1e892797003ffa7
      size: 725677
    - path: src/train_evaluate.py
      md5: 63bb483874ea959989eecb7868531f23
      size: 3665
    params:
      params.yaml:
        estimators.RandomForestClassifier.params.criterion: gini
        estimators.RandomForestClassifier.params.max_depth: 1000
        estimators.RandomForestClassifier.params.max_features: sqrt
        estimators.RandomForestClassifier.params.min_samples_leaf: 6
        estimators.RandomForestClassifier.params.min_samples_split: 12
        estimators.RandomForestClassifier.params.n_estimators: 2000
    outs:
    - path: report/params.json
      md5: ff2ec6ba50ce694a4f61151f72a65ac1
      size: 160
    - path: report/scores.json
      md5: a7b230999c3cb78a58b33c344df894fc
      size: 112
    - path: saved_models/model.joblib
      md5: 3048f2b99c5aa6b0df2b63e473a410af
      size: 83624955
